<Solution>
  <Project Path="acknowledgment-and-audit-residue/AcknowledgmentAndAuditResidue/AcknowledgmentAndAuditResidue.csproj" />
  <Project Path="acknowledgment-and-audit-residue/AcknowledgmentAndAuditResidue.Tests/AcknowledgmentAndAuditResidue.Tests.csproj" />
  <Project Path="decision-before-execution/DecisionBeforeExecution/DecisionBeforeExecution.csproj" />
  <Project Path="decision-before-execution/DecisionBeforeExecution.Tests/DecisionBeforeExecution.Tests.csproj" />
  <Project Path="decision-pipeline-refactoring/DecisionPipelineRefactoring/DecisionPipelineRefactoring.csproj" />
  <Project Path="decision-pipeline-refactoring/DecisionPipelineRefactoring.Tests/DecisionPipelineRefactoring.Tests.csproj" />
  <Project Path="policy-context-and-explicit-decision-outcomes/PolicyContextAndExplicitDecisionOutcomes/PolicyContextAndExplicitDecisionOutcomes.csproj" />
  <Project Path="policy-context-and-explicit-decision-outcomes/PolicyContextAndExplicitDecisionOutcomes.Tests/PolicyContextAndExplicitDecisionOutcomes.Tests.csproj" />
  <Project Path="policy-simulation-harness/PolicySimulationHarness/PolicySimulationHarness.csproj" />
  <Project Path="policy-simulation-harness/PolicySimulationHarness.Tests/PolicySimulationHarness.Tests.csproj" />
  <Project Path="governed-ai-tool-gateway/GovernedAiToolGateway/GovernedAiToolGateway.csproj" />
  <Project Path="governed-ai-tool-gateway/GovernedAiToolGateway.Tests/GovernedAiToolGateway.Tests.csproj" />
  <Project Path="scoped-capability-and-host-owned-execution/ScopedCapabilityAndHostOwnedExecution/ScopedCapabilityAndHostOwnedExecution.csproj" />
  <Project Path="scoped-capability-and-host-owned-execution/ScopedCapabilityAndHostOwnedExecution.Tests/ScopedCapabilityAndHostOwnedExecution.Tests.csproj" />
  <Project Path="replay-protection-and-bounded-use/ReplayProtectionAndBoundedUse/ReplayProtectionAndBoundedUse.csproj" />
  <Project Path="replay-protection-and-bounded-use/ReplayProtectionAndBoundedUse.Tests/ReplayProtectionAndBoundedUse.Tests.csproj" />
  <Project Path="cross-system-capability-exchange/CrossSystemCapabilityExchange/CrossSystemCapabilityExchange.csproj" />
  <Project Path="cross-system-capability-exchange/CrossSystemCapabilityExchange.Tests/CrossSystemCapabilityExchange.Tests.csproj" />
  <Project Path="federated-governance-coordination/FederatedGovernanceCoordination/FederatedGovernanceCoordination.csproj" />
  <Project Path="federated-governance-coordination/FederatedGovernanceCoordination.Tests/FederatedGovernanceCoordination.Tests.csproj" />
  <Project Path="distributed-acknowledgment-continuation/DistributedAcknowledgmentContinuation/DistributedAcknowledgmentContinuation.csproj" />
  <Project Path="distributed-acknowledgment-continuation/DistributedAcknowledgmentContinuation.Tests/DistributedAcknowledgmentContinuation.Tests.csproj" />
  <Project Path="decision-explainability/DecisionExplainability/DecisionExplainability.csproj" />
  <Project Path="decision-explainability/DecisionExplainability.Tests/DecisionExplainability.Tests.csproj" />
  <Project Path="middleware-ordering-changes-behavior/MiddlewareOrderingChangesBehavior/MiddlewareOrderingChangesBehavior.csproj" />
  <Project Path="middleware-ordering-changes-behavior/MiddlewareOrderingChangesBehavior.Tests/MiddlewareOrderingChangesBehavior.Tests.csproj" />
  <Project Path="centralized-error-handling-and-problem-details/CentralizedErrorHandlingAndProblemDetails/CentralizedErrorHandlingAndProblemDetails.csproj" />
  <Project Path="centralized-error-handling-and-problem-details/CentralizedErrorHandlingAndProblemDetails.Tests/CentralizedErrorHandlingAndProblemDetails.Tests.csproj" />
</Solution>
